
Microsoft Visual Studio Solution File, Format Version 12.00
# Visual Studio Version 16
VisualStudioVersion = 16.0.29102.190
MinimumVisualStudioVersion = 10.0.40219.1
Project("{FAE04EC0-301F-11D3-BF4B-00C04F79EFBC}") = "ASU2019_NetworkedGameWorkshop", "ASU2019_NetworkedGameWorkshop\ASU2019_NetworkedGameWorkshop.csproj", "{50D7236F-86B2-4E81-8DFF-1135BE91B285}"
EndProject
Global
	GlobalSection(SolutionConfigurationPlatforms) = preSolution
		Debug|Any CPU = Debug|Any CPU
		Release|Any CPU = Release|Any CPU
	EndGlobalSection
	GlobalSection(ProjectConfigurationPlatforms) = postSolution
		{50D7236F-86B2-4E81-8DFF-1135BE91B285}.Debug|Any CPU.ActiveCfg = Debug|Any CPU
		{50D7236F-86B2-4E81-8DFF-1135BE91B285}.Debug|Any CPU.Build.0 = Debug|Any CPU
		{50D7236F-86B2-4E81-8DFF-1135BE91B285}.Release|Any CPU.ActiveCfg = Release|Any CPU
		{50D7236F-86B2-4E81-8DFF-1135BE91B285}.Release|Any CPU.Build.0 = Release|Any CPU
	EndGlobalSection
	GlobalSection(SolutionProperties) = preSolution
		HideSolutionNode = FALSE
	EndGlobalSection
	GlobalSection(ExtensibilityGlobals) = postSolution
		SolutionGuid = {3DA38FC5-F46D-4226-9BAD-789FA809E916}
	EndGlobalSection
EndGlobal
